// !$*UTF8*$!
{
	archiveVersion = 1;
	classes = {
	};
	objectVersion = 56;
	objects = {

/* Begin PBXBuildFile section */
		B44FA5272A0A85DD00CA2CE1 /* AppDelegate.swift in Sources */ = {isa = PBXBuildFile; fileRef = B44FA5262A0A85DD00CA2CE1 /* AppDelegate.swift */; };
		B44FA5292A0A85DD00CA2CE1 /* SceneDelegate.swift in Sources */ = {isa = PBXBuildFile; fileRef = B44FA5282A0A85DD00CA2CE1 /* SceneDelegate.swift */; };
		B44FA52B2A0A85DD00CA2CE1 /* IAmRichVC.swift in Sources */ = {isa = PBXBuildFile; fileRef = B44FA52A2A0A85DD00CA2CE1 /* IAmRichVC.swift */; };
		B44FA52E2A0A85DD00CA2CE1 /* Main.storyboard in Resources */ = {isa = PBXBuildFile; fileRef = B44FA52C2A0A85DD00CA2CE1 /* Main.storyboard */; };
		B44FA5302A0A85DF00CA2CE1 /* Assets.xcassets in Resources */ = {isa = PBXBuildFile; fileRef = B44FA52F2A0A85DF00CA2CE1 /* Assets.xcassets */; };
		B44FA5332A0A85DF00CA2CE1 /* LaunchScreen.storyboard in Resources */ = {isa = PBXBuildFile; fileRef = B44FA5312A0A85DF00CA2CE1 /* LaunchScreen.storyboard */; };
		B44FA53B2A0A943200CA2CE1 /* BMIViewController.swift in Sources */ = {isa = PBXBuildFile; fileRef = B44FA53A2A0A943200CA2CE1 /* BMIViewController.swift */; };
/* End PBXBuildFile section */

/* Begin PBXFileReference section */
		B44FA5232A0A85DD00CA2CE1 /* Im Rich.app */ = {isa = PBXFileReference; explicitFileType = wrapper.application; includeInIndex = 0; path = "Im Rich.app"; sourceTree = BUILT_PRODUCTS_DIR; };
		B44FA5262A0A85DD00CA2CE1 /* AppDelegate.swift */ = {isa = PBXFileReference; lastKnownFileType = sourcecode.swift; path = AppDelegate.swift; sourceTree = "<group>"; };
		B44FA5282A0A85DD00CA2CE1 /* SceneDelegate.swift */ = {isa = PBXFileReference; lastKnownFileType = sourcecode.swift; path = SceneDelegate.swift; sourceTree = "<group>"; };
		B44FA52A2A0A85DD00CA2CE1 /* IAmRichVC.swift */ = {isa = PBXFileReference; lastKnownFileType = sourcecode.swift; path = IAmRichVC.swift; sourceTree = "<group>"; };
		B44FA52D2A0A85DD00CA2CE1 /* Base */ = {isa = PBXFileReference; lastKnownFileType = file.storyboard; name = Base; path = Base.lproj/Main.storyboard; sourceTree = "<group>"; };
		B44FA52F2A0A85DF00CA2CE1 /* Assets.xcassets */ = {isa = PBXFileReference; lastKnownFileType = folder.assetcatalog; path = Assets.xcassets; sourceTree = "<group>"; };
		B44FA5322A0A85DF00CA2CE1 /* Base */ = {isa = PBXFileReference; lastKnownFileType = file.storyboard; name = Base; path = Base.lproj/LaunchScreen.storyboard; sourceTree = "<group>"; };
		B44FA5342A0A85DF00CA2CE1 /* Info.plist */ = {isa = PBXFileReference; lastKnownFileType = text.plist.xml; path = Info.plist; sourceTree = "<group>"; };
		B44FA53A2A0A943200CA2CE1 /* BMIViewController.swift */ = {isa = PBXFileReference; lastKnownFileType = sourcecode.swift; path = BMIViewController.swift; sourceTree = "<group>"; };
/* End PBXFileReference section */

/* Begin PBXFrameworksBuildPhase section */
		B44FA5202A0A85DD00CA2CE1 /* Frameworks */ = {
			isa = PBXFrameworksBuildPhase;
			buildActionMask = 2147483647;
			files = (
			);
			runOnlyForDeploymentPostprocessing = 0;
		};
/* End PBXFrameworksBuildPhase section */

/* Begin PBXGroup section */
		B44FA51A2A0A85DD00CA2CE1 = {
			isa = PBXGroup;
			children = (
				B44FA5252A0A85DD00CA2CE1 /* Im Rich */,
				B44FA5242A0A85DD00CA2CE1 /* Products */,
			);
			sourceTree = "<group>";
		};
		B44FA5242A0A85DD00CA2CE1 /* Products */ = {
			isa = PBXGroup;
			children = (
				B44FA5232A0A85DD00CA2CE1 /* Im Rich.app */,
			);
			name = Products;
			sourceTree = "<group>";
		};
		B44FA5252A0A85DD00CA2CE1 /* Im Rich */ = {
			isa = PBXGroup;
			children = (
				B44FA5262A0A85DD00CA2CE1 /* AppDelegate.swift */,
				B44FA5282A0A85DD00CA2CE1 /* SceneDelegate.swift */,
				B44FA52A2A0A85DD00CA2CE1 /* IAmRichVC.swift */,
				B44FA52C2A0A85DD00CA2CE1 /* Main.storyboard */,
				B44FA53A2A0A943200CA2CE1 /* BMIViewController.swift */,
				B44FA52F2A0A85DF00CA2CE1 /* Assets.xcassets */,
				B44FA5312A0A85DF00CA2CE1 /* LaunchScreen.storyboard */,
				B44FA5342A0A85DF00CA2CE1 /* Info.plist */,
			);
			path = "Im Rich";
			sourceTree = "<group>";
		};
/* End PBXGroup section */

/* Begin PBXNativeTarget section */
		B44FA5222A0A85DD00CA2CE1 /* Im Rich */ = {
			isa = PBXNativeTarget;
			buildConfigurationList = B44FA5372A0A85DF00CA2CE1 /* Build configuration list for PBXNativeTarget "Im Rich" */;
			buildPhases = (
				B44FA51F2A0A85DD00CA2CE1 /* Sources */,
				B44FA5202A0A85DD00CA2CE1 /* Frameworks */,
				B44FA5212A0A85DD00CA2CE1 /* Resources */,
			);
			buildRules = (
			);
			dependencies = (
			);
			name = "Im Rich";
			productName = "Im Rich";
			productReference = B44FA5232A0A85DD00CA2CE1 /* Im Rich.app */;
			productType = "com.apple.product-type.application";
		};
/* End PBXNativeTarget section */

/* Begin PBXProject section */
		B44FA51B2A0A85DD00CA2CE1 /* Project object */ = {
			isa = PBXProject;
			attributes = {
				BuildIndependentTargetsInParallel = 1;
				LastSwiftUpdateCheck = 1410;
				LastUpgradeCheck = 1410;
				TargetAttributes = {
					B44FA5222A0A85DD00CA2CE1 = {
						CreatedOnToolsVersion = 14.1;
					};
				};
			};
			buildConfigurationList = B44FA51E2A0A85DD00CA2CE1 /* Build configuration list for PBXProject "Im Rich" */;
			compatibilityVersion = "Xcode 14.0";
			developmentRegion = en;
			hasScannedForEncodings = 0;
			knownRegions = (
				en,
				Base,
			);
			mainGroup = B44FA51A2A0A85DD00CA2CE1;
			productRefGroup = B44FA5242A0A85DD00CA2CE1 /* Products */;
			projectDirPath = "";
			projectRoot = "";
			targets = (
				B44FA5222A0A85DD00CA2CE1 /* Im Rich */,
			);
		};
/* End PBXProject section */

/* Begin PBXResourcesBuildPhase section */
		B44FA5212A0A85DD00CA2CE1 /* Resources */ = {
			isa = PBXResourcesBuildPhase;
			buildActionMask = 2147483647;
			files = (
				B44FA5332A0A85DF00CA2CE1 /* LaunchScreen.storyboard in Resources */,
				B44FA5302A0A85DF00CA2CE1 /* Assets.xcassets in Resources */,
				B44FA52E2A0A85DD00CA2CE1 /* Main.storyboard in Resources */,
			);
			runOnlyForDeploymentPostprocessing = 0;
		};
/* End PBXResourcesBuildPhase section */

/* Begin PBXSourcesBuildPhase section */
		B44FA51F2A0A85DD00CA2CE1 /* Sources */ = {
			isa = PBXSourcesBuildPhase;
			buildActionMask = 2147483647;
			files = (
				B44FA52B2A0A85DD00CA2CE1 /* IAmRichVC.swift in Sources */,
				B44FA53B2A0A943200CA2CE1 /* BMIViewController.swift in Sources */,
				B44FA5272A0A85DD00CA2CE1 /* AppDelegate.swift in Sources */,
				B44FA5292A0A85DD00CA2CE1 /* SceneDelegate.swift in Sources */,
			);
			runOnlyForDeploymentPostprocessing = 0;
		};
/* End PBXSourcesBuildPhase section */

/* Begin PBXVariantGroup section */
		B44FA52C2A0A85DD00CA2CE1 /* Main.storyboard */ = {
			isa = PBXVariantGroup;
			children = (
				B44FA52D2A0A85DD00CA2CE1 /* Base */,
			);
			name = Main.storyboard;
			sourceTree = "<group>";
		};
		B44FA5312A0A85DF00CA2CE1 /* LaunchScreen.storyboard */ = {
			isa = PBXVariantGroup;
			children = (
				B44FA5322A0A85DF00CA2CE1 /* Base */,
			);
			name = LaunchScreen.storyboard;
			sourceTree = "<group>";
		};
/* End PBXVariantGroup section */

/* Begin XCBuildConfiguration section */
		B44FA5352A0A85DF00CA2CE1 /* Debug */ = {
			isa = XCBuildConfiguration;
			buildSettings = {
				ALWAYS_SEARCH_USER_PATHS = NO;
				CLANG_ANALYZER_NONNULL = YES;
				CLANG_ANALYZER_NUMBER_OBJECT_CONVERSION = YES_AGGRESSIVE;
				CLANG_CXX_LANGUAGE_STANDARD = "gnu++20";
				CLANG_ENABLE_MODULES = YES;
				CLANG_ENABLE_OBJC_ARC = YES;
				CLANG_ENABLE_OBJC_WEAK = YES;
				CLANG_WARN_BLOCK_CAPTURE_AUTORELEASING = YES;
				CLANG_WARN_BOOL_CONVERSION = YES;
				CLANG_WARN_COMMA = YES;
				CLANG_WARN_CONSTANT_CONVERSION = YES;
				CLANG_WARN_DEPRECATED_OBJC_IMPLEMENTATIONS = YES;
				CLANG_WARN_DIRECT_OBJC_ISA_USAGE = YES_ERROR;
				CLANG_WARN_DOCUMENTATION_COMMENTS = YES;
				CLANG_WARN_EMPTY_BODY = YES;
				CLANG_WARN_ENUM_CONVERSION = YES;
				CLANG_WARN_INFINITE_RECURSION = YES;
				CLANG_WARN_INT_CONVERSION = YES;
				CLANG_WARN_NON_LITERAL_NULL_CONVERSION = YES;
				CLANG_WARN_OBJC_IMPLICIT_RETAIN_SELF = YES;
				CLANG_WARN_OBJC_LITERAL_CONVERSION = YES;
				CLANG_WARN_OBJC_ROOT_CLASS = YES_ERROR;
				CLANG_WARN_QUOTED_INCLUDE_IN_FRAMEWORK_HEADER = YES;
				CLANG_WARN_RANGE_LOOP_ANALYSIS = YES;
				CLANG_WARN_STRICT_PROTOTYPES = YES;
				CLANG_WARN_SUSPICIOUS_MOVE = YES;
				CLANG_WARN_UNGUARDED_AVAILABILITY = YES_AGGRESSIVE;
				CLANG_WARN_UNREACHABLE_CODE = YES;
				CLANG_WARN__DUPLICATE_METHOD_MATCH = YES;
				COPY_PHASE_STRIP = NO;
				DEBUG_INFORMATION_FORMAT = dwarf;
				ENABLE_STRICT_OBJC_MSGSEND = YES;
				ENABLE_TESTABILITY = YES;
				GCC_C_LANGUAGE_STANDARD = gnu11;
				GCC_DYNAMIC_NO_PIC = NO;
				GCC_NO_COMMON_BLOCKS = YES;
				GCC_OPTIMIZATION_LEVEL = 0;
				GCC_PREPROCESSOR_DEFINITIONS = (
					"DEBUG=1",
					"$(inherited)",
				);
				GCC_WARN_64_TO_32_BIT_CONVERSION = YES;
				GCC_WARN_ABOUT_RETURN_TYPE = YES_ERROR;
				GCC_WARN_UNDECLARED_SELECTOR = YES;
				GCC_WARN_UNINITIALIZED_AUTOS = YES_AGGRESSIVE;
				GCC_WARN_UNUSED_FUNCTION = YES;
				GCC_WARN_UNUSED_VARIABLE = YES;
				IPHONEOS_DEPLOYMENT_TARGET = 16.1;
				MTL_ENABLE_DEBUG_INFO = INCLUDE_SOURCE;
				MTL_FAST_MATH = YES;
				ONLY_ACTIVE_ARCH = YES;
				SDKROOT = iphoneos;
				SWIFT_ACTIVE_COMPILATION_CONDITIONS = DEBUG;
				SWIFT_OPTIMIZATION_LEVEL = "-Onone";
			};
			name = Debug;
		};
		B44FA5362A0A85DF00CA2CE1 /* Release */ = {
			isa = XCBuildConfiguration;
			buildSettings = {
				ALWAYS_SEARCH_USER_PATHS = NO;
				CLANG_ANALYZER_NONNULL = YES;
				CLANG_ANALYZER_NUMBER_OBJECT_CONVERSION = YES_AGGRESSIVE;
				CLANG_CXX_LANGUAGE_STANDARD = "gnu++20";
				CLANG_ENABLE_MODULES = YES;
				CLANG_ENABLE_OBJC_ARC = YES;
				CLANG_ENABLE_OBJC_WEAK = YES;
				CLANG_WARN_BLOCK_CAPTURE_AUTORELEASING = YES;
				CLANG_WARN_BOOL_CONVERSION = YES;
				CLANG_WARN_COMMA = YES;
				CLANG_WARN_CONSTANT_CONVERSION = YES;
				CLANG_WARN_DEPRECATED_OBJC_IMPLEMENTATIONS = YES;
				CLANG_WARN_DIRECT_OBJC_ISA_USAGE = YES_ERROR;
				CLANG_WARN_DOCUMENTATION_COMMENTS = YES;
				CLANG_WARN_EMPTY_BODY = YES;
				CLANG_WARN_ENUM_CONVERSION = YES;
				CLANG_WARN_INFINITE_RECURSION = YES;
				CLANG_WARN_INT_CONVERSION = YES;
				CLANG_WARN_NON_LITERAL_NULL_CONVERSION = YES;
				CLANG_WARN_OBJC_IMPLICIT_RETAIN_SELF = YES;
				CLANG_WARN_OBJC_LITERAL_CONVERSION = YES;
				CLANG_WARN_OBJC_ROOT_CLASS = YES_ERROR;
				CLANG_WARN_QUOTED_INCLUDE_IN_FRAMEWORK_HEADER = YES;
				CLANG_WARN_RANGE_LOOP_ANALYSIS = YES;
				CLANG_WARN_STRICT_PROTOTYPES = YES;
				CLANG_WARN_SUSPICIOUS_MOVE = YES;
				CLANG_WARN_UNGUARDED_AVAILABILITY = YES_AGGRESSIVE;
				CLANG_WARN_UNREACHABLE_CODE = YES;
				CLANG_WARN__DUPLICATE_METHOD_MATCH = YES;
				COPY_PHASE_STRIP = NO;
				DEBUG_INFORMATION_FORMAT = "dwarf-with-dsym";
				ENABLE_NS_ASSERTIONS = NO;
				ENABLE_STRICT_OBJC_MSGSEND = YES;
				GCC_C_LANGUAGE_STANDARD = gnu11;
				GCC_NO_COMMON_BLOCKS = YES;
				GCC_WARN_64_TO_32_BIT_CONVERSION = YES;
				GCC_WARN_ABOUT_RETURN_TYPE = YES_ERROR;
				GCC_WARN_UNDECLARED_SELECTOR = YES;
				GCC_WARN_UNINITIALIZED_AUTOS = YES_AGGRESSIVE;
				GCC_WARN_UNUSED_FUNCTION = YES;
				GCC_WARN_UNUSED_VARIABLE = YES;
				IPHONEOS_DEPLOYMENT_TARGET = 16.1;
				MTL_ENABLE_DEBUG_INFO = NO;
				MTL_FAST_MATH = YES;
				SDKROOT = iphoneos;
				SWIFT_COMPILATION_MODE = wholemodule;
				SWIFT_OPTIMIZATION_LEVEL = "-O";
				VALIDATE_PRODUCT = YES;
			};
			name = Release;
		};
		B44FA5382A0A85DF00CA2CE1 /* Debug */ = {
			isa = XCBuildConfiguration;
			buildSettings = {
				ASSETCATALOG_COMPILER_APPICON_NAME = AppIcon;
				ASSETCATALOG_COMPILER_GLOBAL_ACCENT_COLOR_NAME = AccentColor;
				CODE_SIGN_STYLE = Automatic;
				CURRENT_PROJECT_VERSION = 1;
				DEVELOPMENT_TEAM = 42823CRJW7;
				GENERATE_INFOPLIST_FILE = YES;
				INFOPLIST_FILE = "Im Rich/Info.plist";
				INFOPLIST_KEY_UIApplicationSupportsIndirectInputEvents = YES;
				INFOPLIST_KEY_UILaunchStoryboardName = LaunchScreen;
				INFOPLIST_KEY_UIMainStoryboardFile = Main;
				INFOPLIST_KEY_UISupportedInterfaceOrientations_iPad = "UIInterfaceOrientationPortrait UIInterfaceOrientationPortraitUpsideDown UIInterfaceOrientationLandscapeLeft UIInterfaceOrientationLandscapeRight";
				INFOPLIST_KEY_UISupportedInterfaceOrientations_iPhone = "UIInterfaceOrientationPortrait UIInterfaceOrientationLandscapeLeft UIInterfaceOrientationLandscapeRight";
				LD_RUNPATH_SEARCH_PATHS = (
					"$(inherited)",
					"@executable_path/Frameworks",
				);
				MARKETING_VERSION = 1.0;
				PRODUCT_BUNDLE_IDENTIFIER = "com.tanvm.Im-Rich";
				PRODUCT_NAME = "$(TARGET_NAME)";
				SWIFT_EMIT_LOC_STRINGS = YES;
				SWIFT_VERSION = 5.0;
				TARGETED_DEVICE_FAMILY = "1,2";
			};
			name = Debug;
		};
		B44FA5392A0A85DF00CA2CE1 /* Release */ = {
			isa = XCBuildConfiguration;
			buildSettings = {
				ASSETCATALOG_COMPILER_APPICON_NAME = AppIcon;
				ASSETCATALOG_COMPILER_GLOBAL_ACCENT_COLOR_NAME = AccentColor;
				CODE_SIGN_STYLE = Automatic;
				CURRENT_PROJECT_VERSION = 1;
				DEVELOPMENT_TEAM = 42823CRJW7;
				GENERATE_INFOPLIST_FILE = YES;
				INFOPLIST_FILE = "Im Rich/Info.plist";
				INFOPLIST_KEY_UIApplicationSupportsIndirectInputEvents = YES;
				INFOPLIST_KEY_UILaunchStoryboardName = LaunchScreen;
				INFOPLIST_KEY_UIMainStoryboardFile = Main;
				INFOPLIST_KEY_UISupportedInterfaceOrientations_iPad = "UIInterfaceOrientationPortrait UIInterfaceOrientationPortraitUpsideDown UIInterfaceOrientationLandscapeLeft UIInterfaceOrientationLandscapeRight";
				INFOPLIST_KEY_UISupportedInterfaceOrientations_iPhone = "UIInterfaceOrientationPortrait UIInterfaceOrientationLandscapeLeft UIInterfaceOrientationLandscapeRight";
				LD_RUNPATH_SEARCH_PATHS = (
					"$(inherited)",
					"@executable_path/Frameworks",
				);
				MARKETING_VERSION = 1.0;
				PRODUCT_BUNDLE_IDENTIFIER = "com.tanvm.Im-Rich";
				PRODUCT_NAME = "$(TARGET_NAME)";
				SWIFT_EMIT_LOC_STRINGS = YES;
				SWIFT_VERSION = 5.0;
				TARGETED_DEVICE_FAMILY = "1,2";
			};
			name = Release;
		};
/* End XCBuildConfiguration section */

/* Begin XCConfigurationList section */
		B44FA51E2A0A85DD00CA2CE1 /* Build configuration list for PBXProject "Im Rich" */ = {
			isa = XCConfigurationList;
			buildConfigurations = (
				B44FA5352A0A85DF00CA2CE1 /* Debug */,
				B44FA5362A0A85DF00CA2CE1 /* Release */,
			);
			defaultConfigurationIsVisible = 0;
			defaultConfigurationName = Release;
		};
		B44FA5372A0A85DF00CA2CE1 /* Build configuration list for PBXNativeTarget "Im Rich" */ = {
			isa = XCConfigurationList;
			buildConfigurations = (
				B44FA5382A0A85DF00CA2CE1 /* Debug */,
				B44FA5392A0A85DF00CA2CE1 /* Release */,
			);
			defaultConfigurationIsVisible = 0;
			defaultConfigurationName = Release;
		};
/* End XCConfigurationList section */
	};
	rootObject = B44FA51B2A0A85DD00CA2CE1 /* Project object */;
}
